{
  "pins" : [
    {
      "identity" : "swifteventbus",
      "kind" : "remoteSourceControl",
      "location" : "https://github.com/cesarferreira/SwiftEventBus.git",
      "state" : {
        "revision" : "a30ff35e616f507d8a8d122dac32a2150371a87e",
        "version" : "5.1.0"
      }
    },
    {
      "identity" : "unleash-ios-sdk",
      "kind" : "remoteSourceControl",
      "location" : "https://github.com/Unleash/unleash-ios-sdk.git",
      "state" : {
        "branch" : "main",
        "revision" : "050a68f41bcbc831d809f3022c97038f4b16c032"
      }
    }
  ],
  "version" : 2
}
